// !$*UTF8*$!
{
	archiveVersion = 1;
	classes = {
	};
	objectVersion = 56;
	objects = {

/* Begin PBXBuildFile section */
		83E9D6032B1A264B006D00B7 /* AppDelegate.swift in Sources */ = {isa = PBXBuildFile; fileRef = 83E9D6022B1A264B006D00B7 /* AppDelegate.swift */; };
		83E9D6052B1A264B006D00B7 /* SceneDelegate.swift in Sources */ = {isa = PBXBuildFile; fileRef = 83E9D6042B1A264B006D00B7 /* SceneDelegate.swift */; };
		83E9D6072B1A264B006D00B7 /* CharactersListViewController.swift in Sources */ = {isa = PBXBuildFile; fileRef = 83E9D6062B1A264B006D00B7 /* CharactersListViewController.swift */; };
		83E9D60A2B1A264B006D00B7 /* Main.storyboard in Resources */ = {isa = PBXBuildFile; fileRef = 83E9D6082B1A264B006D00B7 /* Main.storyboard */; };
		83E9D60C2B1A264B006D00B7 /* Assets.xcassets in Resources */ = {isa = PBXBuildFile; fileRef = 83E9D60B2B1A264B006D00B7 /* Assets.xcassets */; };
		83E9D60F2B1A264B006D00B7 /* LaunchScreen.storyboard in Resources */ = {isa = PBXBuildFile; fileRef = 83E9D60D2B1A264B006D00B7 /* LaunchScreen.storyboard */; };
		83E9D61A2B1A264C006D00B7 /* rickmorty_mvcTests.swift in Sources */ = {isa = PBXBuildFile; fileRef = 83E9D6192B1A264C006D00B7 /* rickmorty_mvcTests.swift */; };
		83E9D6242B1A264C006D00B7 /* rickmorty_mvcUITests.swift in Sources */ = {isa = PBXBuildFile; fileRef = 83E9D6232B1A264C006D00B7 /* rickmorty_mvcUITests.swift */; };
		83E9D6262B1A264C006D00B7 /* rickmorty_mvcUITestsLaunchTests.swift in Sources */ = {isa = PBXBuildFile; fileRef = 83E9D6252B1A264C006D00B7 /* rickmorty_mvcUITestsLaunchTests.swift */; };
		83E9D6362B1A26CB006D00B7 /* APIClient.swift in Sources */ = {isa = PBXBuildFile; fileRef = 83E9D6352B1A26CB006D00B7 /* APIClient.swift */; };
		83E9D6382B1A2876006D00B7 /* CharacterModelResponde.swift in Sources */ = {isa = PBXBuildFile; fileRef = 83E9D6372B1A2876006D00B7 /* CharacterModelResponde.swift */; };
		83E9D63A2B1A28E3006D00B7 /* CharacterModel.swift in Sources */ = {isa = PBXBuildFile; fileRef = 83E9D6392B1A28E3006D00B7 /* CharacterModel.swift */; };
		83E9D63C2B1A2A21006D00B7 /* CharactersListView.swift in Sources */ = {isa = PBXBuildFile; fileRef = 83E9D63B2B1A2A21006D00B7 /* CharactersListView.swift */; };
		83E9D63E2B1A2DDB006D00B7 /* CharacterListCellView.swift in Sources */ = {isa = PBXBuildFile; fileRef = 83E9D63D2B1A2DDB006D00B7 /* CharacterListCellView.swift */; };
		83E9D6402B1A36CF006D00B7 /* ListOfCharacterTableViewDataSource.swift in Sources */ = {isa = PBXBuildFile; fileRef = 83E9D63F2B1A36CF006D00B7 /* ListOfCharacterTableViewDataSource.swift */; };
		83E9D6432B1A3ECE006D00B7 /* Kingfisher in Frameworks */ = {isa = PBXBuildFile; productRef = 83E9D6422B1A3ECE006D00B7 /* Kingfisher */; };
		83E9D6452B1A40F3006D00B7 /* ListOfCharacterTableViewDelegate.swift in Sources */ = {isa = PBXBuildFile; fileRef = 83E9D6442B1A40F3006D00B7 /* ListOfCharacterTableViewDelegate.swift */; };
		83E9D64C2B1A44B5006D00B7 /* CharacterDetailView.swift in Sources */ = {isa = PBXBuildFile; fileRef = 83E9D64B2B1A44B5006D00B7 /* CharacterDetailView.swift */; };
		83E9D64E2B1A45B7006D00B7 /* CharacterDetailViewController.swift in Sources */ = {isa = PBXBuildFile; fileRef = 83E9D64D2B1A45B7006D00B7 /* CharacterDetailViewController.swift */; };
/* End PBXBuildFile section */

/* Begin PBXContainerItemProxy section */
		83E9D6162B1A264C006D00B7 /* PBXContainerItemProxy */ = {
			isa = PBXContainerItemProxy;
			containerPortal = 83E9D5F72B1A264B006D00B7 /* Project object */;
			proxyType = 1;
			remoteGlobalIDString = 83E9D5FE2B1A264B006D00B7;
			remoteInfo = rickmorty_mvc;
		};
		83E9D6202B1A264C006D00B7 /* PBXContainerItemProxy */ = {
			isa = PBXContainerItemProxy;
			containerPortal = 83E9D5F72B1A264B006D00B7 /* Project object */;
			proxyType = 1;
			remoteGlobalIDString = 83E9D5FE2B1A264B006D00B7;
			remoteInfo = rickmorty_mvc;
		};
/* End PBXContainerItemProxy section */

/* Begin PBXFileReference section */
		83E9D5FF2B1A264B006D00B7 /* rickmorty_mvc.app */ = {isa = PBXFileReference; explicitFileType = wrapper.application; includeInIndex = 0; path = rickmorty_mvc.app; sourceTree = BUILT_PRODUCTS_DIR; };
		83E9D6022B1A264B006D00B7 /* AppDelegate.swift */ = {isa = PBXFileReference; lastKnownFileType = sourcecode.swift; path = AppDelegate.swift; sourceTree = "<group>"; };
		83E9D6042B1A264B006D00B7 /* SceneDelegate.swift */ = {isa = PBXFileReference; lastKnownFileType = sourcecode.swift; path = SceneDelegate.swift; sourceTree = "<group>"; };
		83E9D6062B1A264B006D00B7 /* CharactersListViewController.swift */ = {isa = PBXFileReference; lastKnownFileType = sourcecode.swift; path = CharactersListViewController.swift; sourceTree = "<group>"; };
		83E9D6092B1A264B006D00B7 /* Base */ = {isa = PBXFileReference; lastKnownFileType = file.storyboard; name = Base; path = Base.lproj/Main.storyboard; sourceTree = "<group>"; };
		83E9D60B2B1A264B006D00B7 /* Assets.xcassets */ = {isa = PBXFileReference; lastKnownFileType = folder.assetcatalog; path = Assets.xcassets; sourceTree = "<group>"; };
		83E9D60E2B1A264B006D00B7 /* Base */ = {isa = PBXFileReference; lastKnownFileType = file.storyboard; name = Base; path = Base.lproj/LaunchScreen.storyboard; sourceTree = "<group>"; };
		83E9D6102B1A264B006D00B7 /* Info.plist */ = {isa = PBXFileReference; lastKnownFileType = text.plist.xml; path = Info.plist; sourceTree = "<group>"; };
		83E9D6152B1A264C006D00B7 /* rickmorty_mvcTests.xctest */ = {isa = PBXFileReference; explicitFileType = wrapper.cfbundle; includeInIndex = 0; path = rickmorty_mvcTests.xctest; sourceTree = BUILT_PRODUCTS_DIR; };
		83E9D6192B1A264C006D00B7 /* rickmorty_mvcTests.swift */ = {isa = PBXFileReference; lastKnownFileType = sourcecode.swift; path = rickmorty_mvcTests.swift; sourceTree = "<group>"; };
		83E9D61F2B1A264C006D00B7 /* rickmorty_mvcUITests.xctest */ = {isa = PBXFileReference; explicitFileType = wrapper.cfbundle; includeInIndex = 0; path = rickmorty_mvcUITests.xctest; sourceTree = BUILT_PRODUCTS_DIR; };
		83E9D6232B1A264C006D00B7 /* rickmorty_mvcUITests.swift */ = {isa = PBXFileReference; lastKnownFileType = sourcecode.swift; path = rickmorty_mvcUITests.swift; sourceTree = "<group>"; };
		83E9D6252B1A264C006D00B7 /* rickmorty_mvcUITestsLaunchTests.swift */ = {isa = PBXFileReference; lastKnownFileType = sourcecode.swift; path = rickmorty_mvcUITestsLaunchTests.swift; sourceTree = "<group>"; };
		83E9D6352B1A26CB006D00B7 /* APIClient.swift */ = {isa = PBXFileReference; lastKnownFileType = sourcecode.swift; path = APIClient.swift; sourceTree = "<group>"; };
		83E9D6372B1A2876006D00B7 /* CharacterModelResponde.swift */ = {isa = PBXFileReference; lastKnownFileType = sourcecode.swift; path = CharacterModelResponde.swift; sourceTree = "<group>"; };
		83E9D6392B1A28E3006D00B7 /* CharacterModel.swift */ = {isa = PBXFileReference; lastKnownFileType = sourcecode.swift; path = CharacterModel.swift; sourceTree = "<group>"; };
		83E9D63B2B1A2A21006D00B7 /* CharactersListView.swift */ = {isa = PBXFileReference; lastKnownFileType = sourcecode.swift; path = CharactersListView.swift; sourceTree = "<group>"; };
		83E9D63D2B1A2DDB006D00B7 /* CharacterListCellView.swift */ = {isa = PBXFileReference; lastKnownFileType = sourcecode.swift; path = CharacterListCellView.swift; sourceTree = "<group>"; };
		83E9D63F2B1A36CF006D00B7 /* ListOfCharacterTableViewDataSource.swift */ = {isa = PBXFileReference; lastKnownFileType = sourcecode.swift; path = ListOfCharacterTableViewDataSource.swift; sourceTree = "<group>"; };
		83E9D6442B1A40F3006D00B7 /* ListOfCharacterTableViewDelegate.swift */ = {isa = PBXFileReference; lastKnownFileType = sourcecode.swift; path = ListOfCharacterTableViewDelegate.swift; sourceTree = "<group>"; };
		83E9D64B2B1A44B5006D00B7 /* CharacterDetailView.swift */ = {isa = PBXFileReference; lastKnownFileType = sourcecode.swift; path = CharacterDetailView.swift; sourceTree = "<group>"; };
		83E9D64D2B1A45B7006D00B7 /* CharacterDetailViewController.swift */ = {isa = PBXFileReference; lastKnownFileType = sourcecode.swift; path = CharacterDetailViewController.swift; sourceTree = "<group>"; };
/* End PBXFileReference section */

/* Begin PBXFrameworksBuildPhase section */
		83E9D5FC2B1A264B006D00B7 /* Frameworks */ = {
			isa = PBXFrameworksBuildPhase;
			buildActionMask = 2147483647;
			files = (
				83E9D6432B1A3ECE006D00B7 /* Kingfisher in Frameworks */,
			);
			runOnlyForDeploymentPostprocessing = 0;
		};
		83E9D6122B1A264C006D00B7 /* Frameworks */ = {
			isa = PBXFrameworksBuildPhase;
			buildActionMask = 2147483647;
			files = (
			);
			runOnlyForDeploymentPostprocessing = 0;
		};
		83E9D61C2B1A264C006D00B7 /* Frameworks */ = {
			isa = PBXFrameworksBuildPhase;
			buildActionMask = 2147483647;
			files = (
			);
			runOnlyForDeploymentPostprocessing = 0;
		};
/* End PBXFrameworksBuildPhase section */

/* Begin PBXGroup section */
		83E9D5F62B1A264B006D00B7 = {
			isa = PBXGroup;
			children = (
				83E9D6012B1A264B006D00B7 /* rickmorty_mvc */,
				83E9D6182B1A264C006D00B7 /* rickmorty_mvcTests */,
				83E9D6222B1A264C006D00B7 /* rickmorty_mvcUITests */,
				83E9D6002B1A264B006D00B7 /* Products */,
			);
			sourceTree = "<group>";
		};
		83E9D6002B1A264B006D00B7 /* Products */ = {
			isa = PBXGroup;
			children = (
				83E9D5FF2B1A264B006D00B7 /* rickmorty_mvc.app */,
				83E9D6152B1A264C006D00B7 /* rickmorty_mvcTests.xctest */,
				83E9D61F2B1A264C006D00B7 /* rickmorty_mvcUITests.xctest */,
			);
			name = Products;
			sourceTree = "<group>";
		};
		83E9D6012B1A264B006D00B7 /* rickmorty_mvc */ = {
			isa = PBXGroup;
			children = (
				83E9D6472B1A447A006D00B7 /* CharacterDetail */,
				83E9D6462B1A441C006D00B7 /* ListOfCharacters */,
				83E9D6022B1A264B006D00B7 /* AppDelegate.swift */,
				83E9D6042B1A264B006D00B7 /* SceneDelegate.swift */,
				83E9D60B2B1A264B006D00B7 /* Assets.xcassets */,
				83E9D60D2B1A264B006D00B7 /* LaunchScreen.storyboard */,
				83E9D6102B1A264B006D00B7 /* Info.plist */,
			);
			path = rickmorty_mvc;
			sourceTree = "<group>";
		};
		83E9D6182B1A264C006D00B7 /* rickmorty_mvcTests */ = {
			isa = PBXGroup;
			children = (
				83E9D6192B1A264C006D00B7 /* rickmorty_mvcTests.swift */,
			);
			path = rickmorty_mvcTests;
			sourceTree = "<group>";
		};
		83E9D6222B1A264C006D00B7 /* rickmorty_mvcUITests */ = {
			isa = PBXGroup;
			children = (
				83E9D6232B1A264C006D00B7 /* rickmorty_mvcUITests.swift */,
				83E9D6252B1A264C006D00B7 /* rickmorty_mvcUITestsLaunchTests.swift */,
			);
			path = rickmorty_mvcUITests;
			sourceTree = "<group>";
		};
		83E9D6322B1A2672006D00B7 /* Model */ = {
			isa = PBXGroup;
			children = (
				83E9D6352B1A26CB006D00B7 /* APIClient.swift */,
				83E9D6372B1A2876006D00B7 /* CharacterModelResponde.swift */,
				83E9D6392B1A28E3006D00B7 /* CharacterModel.swift */,
			);
			path = Model;
			sourceTree = "<group>";
		};
		83E9D6332B1A267A006D00B7 /* View */ = {
			isa = PBXGroup;
			children = (
				83E9D63B2B1A2A21006D00B7 /* CharactersListView.swift */,
				83E9D63D2B1A2DDB006D00B7 /* CharacterListCellView.swift */,
				83E9D6082B1A264B006D00B7 /* Main.storyboard */,
			);
			path = View;
			sourceTree = "<group>";
		};
		83E9D6342B1A2680006D00B7 /* Controller */ = {
			isa = PBXGroup;
			children = (
				83E9D6062B1A264B006D00B7 /* CharactersListViewController.swift */,
				83E9D63F2B1A36CF006D00B7 /* ListOfCharacterTableViewDataSource.swift */,
				83E9D6442B1A40F3006D00B7 /* ListOfCharacterTableViewDelegate.swift */,
			);
			path = Controller;
			sourceTree = "<group>";
		};
		83E9D6462B1A441C006D00B7 /* ListOfCharacters */ = {
			isa = PBXGroup;
			children = (
				83E9D6342B1A2680006D00B7 /* Controller */,
				83E9D6332B1A267A006D00B7 /* View */,
				83E9D6322B1A2672006D00B7 /* Model */,
			);
			path = ListOfCharacters;
			sourceTree = "<group>";
		};
		83E9D6472B1A447A006D00B7 /* CharacterDetail */ = {
			isa = PBXGroup;
			children = (
				83E9D64A2B1A448D006D00B7 /* Controller */,
				83E9D6492B1A4487006D00B7 /* View */,
				83E9D6482B1A4482006D00B7 /* Model */,
			);
			path = CharacterDetail;
			sourceTree = "<group>";
		};
		83E9D6482B1A4482006D00B7 /* Model */ = {
			isa = PBXGroup;
			children = (
			);
			path = Model;
			sourceTree = "<group>";
		};
		83E9D6492B1A4487006D00B7 /* View */ = {
			isa = PBXGroup;
			children = (
				83E9D64B2B1A44B5006D00B7 /* CharacterDetailView.swift */,
			);
			path = View;
			sourceTree = "<group>";
		};
		83E9D64A2B1A448D006D00B7 /* Controller */ = {
			isa = PBXGroup;
			children = (
				83E9D64D2B1A45B7006D00B7 /* CharacterDetailViewController.swift */,
			);
			path = Controller;
			sourceTree = "<group>";
		};
/* End PBXGroup section */

/* Begin PBXNativeTarget section */
		83E9D5FE2B1A264B006D00B7 /* rickmorty_mvc */ = {
			isa = PBXNativeTarget;
			buildConfigurationList = 83E9D6292B1A264C006D00B7 /* Build configuration list for PBXNativeTarget "rickmorty_mvc" */;
			buildPhases = (
				83E9D5FB2B1A264B006D00B7 /* Sources */,
				83E9D5FC2B1A264B006D00B7 /* Frameworks */,
				83E9D5FD2B1A264B006D00B7 /* Resources */,
			);
			buildRules = (
			);
			dependencies = (
			);
			name = rickmorty_mvc;
			packageProductDependencies = (
				83E9D6422B1A3ECE006D00B7 /* Kingfisher */,
			);
			productName = rickmorty_mvc;
			productReference = 83E9D5FF2B1A264B006D00B7 /* rickmorty_mvc.app */;
			productType = "com.apple.product-type.application";
		};
		83E9D6142B1A264C006D00B7 /* rickmorty_mvcTests */ = {
			isa = PBXNativeTarget;
			buildConfigurationList = 83E9D62C2B1A264C006D00B7 /* Build configuration list for PBXNativeTarget "rickmorty_mvcTests" */;
			buildPhases = (
				83E9D6112B1A264C006D00B7 /* Sources */,
				83E9D6122B1A264C006D00B7 /* Frameworks */,
				83E9D6132B1A264C006D00B7 /* Resources */,
			);
			buildRules = (
			);
			dependencies = (
				83E9D6172B1A264C006D00B7 /* PBXTargetDependency */,
			);
			name = rickmorty_mvcTests;
			productName = rickmorty_mvcTests;
			productReference = 83E9D6152B1A264C006D00B7 /* rickmorty_mvcTests.xctest */;
			productType = "com.apple.product-type.bundle.unit-test";
		};
		83E9D61E2B1A264C006D00B7 /* rickmorty_mvcUITests */ = {
			isa = PBXNativeTarget;
			buildConfigurationList = 83E9D62F2B1A264C006D00B7 /* Build configuration list for PBXNativeTarget "rickmorty_mvcUITests" */;
			buildPhases = (
				83E9D61B2B1A264C006D00B7 /* Sources */,
				83E9D61C2B1A264C006D00B7 /* Frameworks */,
				83E9D61D2B1A264C006D00B7 /* Resources */,
			);
			buildRules = (
			);
			dependencies = (
				83E9D6212B1A264C006D00B7 /* PBXTargetDependency */,
			);
			name = rickmorty_mvcUITests;
			productName = rickmorty_mvcUITests;
			productReference = 83E9D61F2B1A264C006D00B7 /* rickmorty_mvcUITests.xctest */;
			productType = "com.apple.product-type.bundle.ui-testing";
		};
/* End PBXNativeTarget section */

/* Begin PBXProject section */
		83E9D5F72B1A264B006D00B7 /* Project object */ = {
			isa = PBXProject;
			attributes = {
				BuildIndependentTargetsInParallel = 1;
				LastSwiftUpdateCheck = 1420;
				LastUpgradeCheck = 1420;
				TargetAttributes = {
					83E9D5FE2B1A264B006D00B7 = {
						CreatedOnToolsVersion = 14.2;
					};
					83E9D6142B1A264C006D00B7 = {
						CreatedOnToolsVersion = 14.2;
						TestTargetID = 83E9D5FE2B1A264B006D00B7;
					};
					83E9D61E2B1A264C006D00B7 = {
						CreatedOnToolsVersion = 14.2;
						TestTargetID = 83E9D5FE2B1A264B006D00B7;
					};
				};
			};
			buildConfigurationList = 83E9D5FA2B1A264B006D00B7 /* Build configuration list for PBXProject "rickmorty_mvc" */;
			compatibilityVersion = "Xcode 14.0";
			developmentRegion = en;
			hasScannedForEncodings = 0;
			knownRegions = (
				en,
				Base,
			);
			mainGroup = 83E9D5F62B1A264B006D00B7;
			packageReferences = (
				83E9D6412B1A3ECE006D00B7 /* XCRemoteSwiftPackageReference "Kingfisher" */,
			);
			productRefGroup = 83E9D6002B1A264B006D00B7 /* Products */;
			projectDirPath = "";
			projectRoot = "";
			targets = (
				83E9D5FE2B1A264B006D00B7 /* rickmorty_mvc */,
				83E9D6142B1A264C006D00B7 /* rickmorty_mvcTests */,
				83E9D61E2B1A264C006D00B7 /* rickmorty_mvcUITests */,
			);
		};
/* End PBXProject section */

/* Begin PBXResourcesBuildPhase section */
		83E9D5FD2B1A264B006D00B7 /* Resources */ = {
			isa = PBXResourcesBuildPhase;
			buildActionMask = 2147483647;
			files = (
				83E9D60F2B1A264B006D00B7 /* LaunchScreen.storyboard in Resources */,
				83E9D60C2B1A264B006D00B7 /* Assets.xcassets in Resources */,
				83E9D60A2B1A264B006D00B7 /* Main.storyboard in Resources */,
			);
			runOnlyForDeploymentPostprocessing = 0;
		};
		83E9D6132B1A264C006D00B7 /* Resources */ = {
			isa = PBXResourcesBuildPhase;
			buildActionMask = 2147483647;
			files = (
			);
			runOnlyForDeploymentPostprocessing = 0;
		};
		83E9D61D2B1A264C006D00B7 /* Resources */ = {
			isa = PBXResourcesBuildPhase;
			buildActionMask = 2147483647;
			files = (
			);
			runOnlyForDeploymentPostprocessing = 0;
		};
/* End PBXResourcesBuildPhase section */

/* Begin PBXSourcesBuildPhase section */
		83E9D5FB2B1A264B006D00B7 /* Sources */ = {
			isa = PBXSourcesBuildPhase;
			buildActionMask = 2147483647;
			files = (
				83E9D6072B1A264B006D00B7 /* CharactersListViewController.swift in Sources */,
				83E9D64E2B1A45B7006D00B7 /* CharacterDetailViewController.swift in Sources */,
				83E9D64C2B1A44B5006D00B7 /* CharacterDetailView.swift in Sources */,
				83E9D6402B1A36CF006D00B7 /* ListOfCharacterTableViewDataSource.swift in Sources */,
				83E9D6032B1A264B006D00B7 /* AppDelegate.swift in Sources */,
				83E9D6452B1A40F3006D00B7 /* ListOfCharacterTableViewDelegate.swift in Sources */,
				83E9D6382B1A2876006D00B7 /* CharacterModelResponde.swift in Sources */,
				83E9D63A2B1A28E3006D00B7 /* CharacterModel.swift in Sources */,
				83E9D63C2B1A2A21006D00B7 /* CharactersListView.swift in Sources */,
				83E9D6052B1A264B006D00B7 /* SceneDelegate.swift in Sources */,
				83E9D63E2B1A2DDB006D00B7 /* CharacterListCellView.swift in Sources */,
				83E9D6362B1A26CB006D00B7 /* APIClient.swift in Sources */,
			);
			runOnlyForDeploymentPostprocessing = 0;
		};
		83E9D6112B1A264C006D00B7 /* Sources */ = {
			isa = PBXSourcesBuildPhase;
			buildActionMask = 2147483647;
			files = (
				83E9D61A2B1A264C006D00B7 /* rickmorty_mvcTests.swift in Sources */,
			);
			runOnlyForDeploymentPostprocessing = 0;
		};
		83E9D61B2B1A264C006D00B7 /* Sources */ = {
			isa = PBXSourcesBuildPhase;
			buildActionMask = 2147483647;
			files = (
				83E9D6262B1A264C006D00B7 /* rickmorty_mvcUITestsLaunchTests.swift in Sources */,
				83E9D6242B1A264C006D00B7 /* rickmorty_mvcUITests.swift in Sources */,
			);
			runOnlyForDeploymentPostprocessing = 0;
		};
/* End PBXSourcesBuildPhase section */

/* Begin PBXTargetDependency section */
		83E9D6172B1A264C006D00B7 /* PBXTargetDependency */ = {
			isa = PBXTargetDependency;
			target = 83E9D5FE2B1A264B006D00B7 /* rickmorty_mvc */;
			targetProxy = 83E9D6162B1A264C006D00B7 /* PBXContainerItemProxy */;
		};
		83E9D6212B1A264C006D00B7 /* PBXTargetDependency */ = {
			isa = PBXTargetDependency;
			target = 83E9D5FE2B1A264B006D00B7 /* rickmorty_mvc */;
			targetProxy = 83E9D6202B1A264C006D00B7 /* PBXContainerItemProxy */;
		};
/* End PBXTargetDependency section */

/* Begin PBXVariantGroup section */
		83E9D6082B1A264B006D00B7 /* Main.storyboard */ = {
			isa = PBXVariantGroup;
			children = (
				83E9D6092B1A264B006D00B7 /* Base */,
			);
			name = Main.storyboard;
			sourceTree = "<group>";
		};
		83E9D60D2B1A264B006D00B7 /* LaunchScreen.storyboard */ = {
			isa = PBXVariantGroup;
			children = (
				83E9D60E2B1A264B006D00B7 /* Base */,
			);
			name = LaunchScreen.storyboard;
			sourceTree = "<group>";
		};
/* End PBXVariantGroup section */

/* Begin XCBuildConfiguration section */
		83E9D6272B1A264C006D00B7 /* Debug */ = {
			isa = XCBuildConfiguration;
			buildSettings = {
				ALWAYS_SEARCH_USER_PATHS = NO;
				CLANG_ANALYZER_NONNULL = YES;
				CLANG_ANALYZER_NUMBER_OBJECT_CONVERSION = YES_AGGRESSIVE;
				CLANG_CXX_LANGUAGE_STANDARD = "gnu++20";
				CLANG_ENABLE_MODULES = YES;
				CLANG_ENABLE_OBJC_ARC = YES;
				CLANG_ENABLE_OBJC_WEAK = YES;
				CLANG_WARN_BLOCK_CAPTURE_AUTORELEASING = YES;
				CLANG_WARN_BOOL_CONVERSION = YES;
				CLANG_WARN_COMMA = YES;
				CLANG_WARN_CONSTANT_CONVERSION = YES;
				CLANG_WARN_DEPRECATED_OBJC_IMPLEMENTATIONS = YES;
				CLANG_WARN_DIRECT_OBJC_ISA_USAGE = YES_ERROR;
				CLANG_WARN_DOCUMENTATION_COMMENTS = YES;
				CLANG_WARN_EMPTY_BODY = YES;
				CLANG_WARN_ENUM_CONVERSION = YES;
				CLANG_WARN_INFINITE_RECURSION = YES;
				CLANG_WARN_INT_CONVERSION = YES;
				CLANG_WARN_NON_LITERAL_NULL_CONVERSION = YES;
				CLANG_WARN_OBJC_IMPLICIT_RETAIN_SELF = YES;
				CLANG_WARN_OBJC_LITERAL_CONVERSION = YES;
				CLANG_WARN_OBJC_ROOT_CLASS = YES_ERROR;
				CLANG_WARN_QUOTED_INCLUDE_IN_FRAMEWORK_HEADER = YES;
				CLANG_WARN_RANGE_LOOP_ANALYSIS = YES;
				CLANG_WARN_STRICT_PROTOTYPES = YES;
				CLANG_WARN_SUSPICIOUS_MOVE = YES;
				CLANG_WARN_UNGUARDED_AVAILABILITY = YES_AGGRESSIVE;
				CLANG_WARN_UNREACHABLE_CODE = YES;
				CLANG_WARN__DUPLICATE_METHOD_MATCH = YES;
				COPY_PHASE_STRIP = NO;
				DEBUG_INFORMATION_FORMAT = dwarf;
				ENABLE_STRICT_OBJC_MSGSEND = YES;
				ENABLE_TESTABILITY = YES;
				GCC_C_LANGUAGE_STANDARD = gnu11;
				GCC_DYNAMIC_NO_PIC = NO;
				GCC_NO_COMMON_BLOCKS = YES;
				GCC_OPTIMIZATION_LEVEL = 0;
				GCC_PREPROCESSOR_DEFINITIONS = (
					"DEBUG=1",
					"$(inherited)",
				);
				GCC_WARN_64_TO_32_BIT_CONVERSION = YES;
				GCC_WARN_ABOUT_RETURN_TYPE = YES_ERROR;
				GCC_WARN_UNDECLARED_SELECTOR = YES;
				GCC_WARN_UNINITIALIZED_AUTOS = YES_AGGRESSIVE;
				GCC_WARN_UNUSED_FUNCTION = YES;
				GCC_WARN_UNUSED_VARIABLE = YES;
				IPHONEOS_DEPLOYMENT_TARGET = 16.2;
				MTL_ENABLE_DEBUG_INFO = INCLUDE_SOURCE;
				MTL_FAST_MATH = YES;
				ONLY_ACTIVE_ARCH = YES;
				SDKROOT = iphoneos;
				SWIFT_ACTIVE_COMPILATION_CONDITIONS = DEBUG;
				SWIFT_OPTIMIZATION_LEVEL = "-Onone";
			};
			name = Debug;
		};
		83E9D6282B1A264C006D00B7 /* Release */ = {
			isa = XCBuildConfiguration;
			buildSettings = {
				ALWAYS_SEARCH_USER_PATHS = NO;
				CLANG_ANALYZER_NONNULL = YES;
				CLANG_ANALYZER_NUMBER_OBJECT_CONVERSION = YES_AGGRESSIVE;
				CLANG_CXX_LANGUAGE_STANDARD = "gnu++20";
				CLANG_ENABLE_MODULES = YES;
				CLANG_ENABLE_OBJC_ARC = YES;
				CLANG_ENABLE_OBJC_WEAK = YES;
				CLANG_WARN_BLOCK_CAPTURE_AUTORELEASING = YES;
				CLANG_WARN_BOOL_CONVERSION = YES;
				CLANG_WARN_COMMA = YES;
				CLANG_WARN_CONSTANT_CONVERSION = YES;
				CLANG_WARN_DEPRECATED_OBJC_IMPLEMENTATIONS = YES;
				CLANG_WARN_DIRECT_OBJC_ISA_USAGE = YES_ERROR;
				CLANG_WARN_DOCUMENTATION_COMMENTS = YES;
				CLANG_WARN_EMPTY_BODY = YES;
				CLANG_WARN_ENUM_CONVERSION = YES;
				CLANG_WARN_INFINITE_RECURSION = YES;
				CLANG_WARN_INT_CONVERSION = YES;
				CLANG_WARN_NON_LITERAL_NULL_CONVERSION = YES;
				CLANG_WARN_OBJC_IMPLICIT_RETAIN_SELF = YES;
				CLANG_WARN_OBJC_LITERAL_CONVERSION = YES;
				CLANG_WARN_OBJC_ROOT_CLASS = YES_ERROR;
				CLANG_WARN_QUOTED_INCLUDE_IN_FRAMEWORK_HEADER = YES;
				CLANG_WARN_RANGE_LOOP_ANALYSIS = YES;
				CLANG_WARN_STRICT_PROTOTYPES = YES;
				CLANG_WARN_SUSPICIOUS_MOVE = YES;
				CLANG_WARN_UNGUARDED_AVAILABILITY = YES_AGGRESSIVE;
				CLANG_WARN_UNREACHABLE_CODE = YES;
				CLANG_WARN__DUPLICATE_METHOD_MATCH = YES;
				COPY_PHASE_STRIP = NO;
				DEBUG_INFORMATION_FORMAT = "dwarf-with-dsym";
				ENABLE_NS_ASSERTIONS = NO;
				ENABLE_STRICT_OBJC_MSGSEND = YES;
				GCC_C_LANGUAGE_STANDARD = gnu11;
				GCC_NO_COMMON_BLOCKS = YES;
				GCC_WARN_64_TO_32_BIT_CONVERSION = YES;
				GCC_WARN_ABOUT_RETURN_TYPE = YES_ERROR;
				GCC_WARN_UNDECLARED_SELECTOR = YES;
				GCC_WARN_UNINITIALIZED_AUTOS = YES_AGGRESSIVE;
				GCC_WARN_UNUSED_FUNCTION = YES;
				GCC_WARN_UNUSED_VARIABLE = YES;
				IPHONEOS_DEPLOYMENT_TARGET = 16.2;
				MTL_ENABLE_DEBUG_INFO = NO;
				MTL_FAST_MATH = YES;
				SDKROOT = iphoneos;
				SWIFT_COMPILATION_MODE = wholemodule;
				SWIFT_OPTIMIZATION_LEVEL = "-O";
				VALIDATE_PRODUCT = YES;
			};
			name = Release;
		};
		83E9D62A2B1A264C006D00B7 /* Debug */ = {
			isa = XCBuildConfiguration;
			buildSettings = {
				ASSETCATALOG_COMPILER_APPICON_NAME = AppIcon;
				ASSETCATALOG_COMPILER_GLOBAL_ACCENT_COLOR_NAME = AccentColor;
				CODE_SIGN_STYLE = Automatic;
				CURRENT_PROJECT_VERSION = 1;
				GENERATE_INFOPLIST_FILE = YES;
				INFOPLIST_FILE = rickmorty_mvc/Info.plist;
				INFOPLIST_KEY_UIApplicationSupportsIndirectInputEvents = YES;
				INFOPLIST_KEY_UILaunchStoryboardName = LaunchScreen;
				INFOPLIST_KEY_UIMainStoryboardFile = Main;
				INFOPLIST_KEY_UISupportedInterfaceOrientations_iPad = "UIInterfaceOrientationPortrait UIInterfaceOrientationPortraitUpsideDown UIInterfaceOrientationLandscapeLeft UIInterfaceOrientationLandscapeRight";
				INFOPLIST_KEY_UISupportedInterfaceOrientations_iPhone = "UIInterfaceOrientationPortrait UIInterfaceOrientationLandscapeLeft UIInterfaceOrientationLandscapeRight";
				LD_RUNPATH_SEARCH_PATHS = (
					"$(inherited)",
					"@executable_path/Frameworks",
				);
				MARKETING_VERSION = 1.0;
				PRODUCT_BUNDLE_IDENTIFIER = "com.arechimon.rickmorty-mvc";
				PRODUCT_NAME = "$(TARGET_NAME)";
				SWIFT_EMIT_LOC_STRINGS = YES;
				SWIFT_VERSION = 5.0;
				TARGETED_DEVICE_FAMILY = "1,2";
			};
			name = Debug;
		};
		83E9D62B2B1A264C006D00B7 /* Release */ = {
			isa = XCBuildConfiguration;
			buildSettings = {
				ASSETCATALOG_COMPILER_APPICON_NAME = AppIcon;
				ASSETCATALOG_COMPILER_GLOBAL_ACCENT_COLOR_NAME = AccentColor;
				CODE_SIGN_STYLE = Automatic;
				CURRENT_PROJECT_VERSION = 1;
				GENERATE_INFOPLIST_FILE = YES;
				INFOPLIST_FILE = rickmorty_mvc/Info.plist;
				INFOPLIST_KEY_UIApplicationSupportsIndirectInputEvents = YES;
				INFOPLIST_KEY_UILaunchStoryboardName = LaunchScreen;
				INFOPLIST_KEY_UIMainStoryboardFile = Main;
				INFOPLIST_KEY_UISupportedInterfaceOrientations_iPad = "UIInterfaceOrientationPortrait UIInterfaceOrientationPortraitUpsideDown UIInterfaceOrientationLandscapeLeft UIInterfaceOrientationLandscapeRight";
				INFOPLIST_KEY_UISupportedInterfaceOrientations_iPhone = "UIInterfaceOrientationPortrait UIInterfaceOrientationLandscapeLeft UIInterfaceOrientationLandscapeRight";
				LD_RUNPATH_SEARCH_PATHS = (
					"$(inherited)",
					"@executable_path/Frameworks",
				);
				MARKETING_VERSION = 1.0;
				PRODUCT_BUNDLE_IDENTIFIER = "com.arechimon.rickmorty-mvc";
				PRODUCT_NAME = "$(TARGET_NAME)";
				SWIFT_EMIT_LOC_STRINGS = YES;
				SWIFT_VERSION = 5.0;
				TARGETED_DEVICE_FAMILY = "1,2";
			};
			name = Release;
		};
		83E9D62D2B1A264C006D00B7 /* Debug */ = {
			isa = XCBuildConfiguration;
			buildSettings = {
				ALWAYS_EMBED_SWIFT_STANDARD_LIBRARIES = YES;
				BUNDLE_LOADER = "$(TEST_HOST)";
				CODE_SIGN_STYLE = Automatic;
				CURRENT_PROJECT_VERSION = 1;
				GENERATE_INFOPLIST_FILE = YES;
				IPHONEOS_DEPLOYMENT_TARGET = 16.2;
				MARKETING_VERSION = 1.0;
				PRODUCT_BUNDLE_IDENTIFIER = "com.arechimon.rickmorty-mvcTests";
				PRODUCT_NAME = "$(TARGET_NAME)";
				SWIFT_EMIT_LOC_STRINGS = NO;
				SWIFT_VERSION = 5.0;
				TARGETED_DEVICE_FAMILY = "1,2";
				TEST_HOST = "$(BUILT_PRODUCTS_DIR)/rickmorty_mvc.app/$(BUNDLE_EXECUTABLE_FOLDER_PATH)/rickmorty_mvc";
			};
			name = Debug;
		};
		83E9D62E2B1A264C006D00B7 /* Release */ = {
			isa = XCBuildConfiguration;
			buildSettings = {
				ALWAYS_EMBED_SWIFT_STANDARD_LIBRARIES = YES;
				BUNDLE_LOADER = "$(TEST_HOST)";
				CODE_SIGN_STYLE = Automatic;
				CURRENT_PROJECT_VERSION = 1;
				GENERATE_INFOPLIST_FILE = YES;
				IPHONEOS_DEPLOYMENT_TARGET = 16.2;
				MARKETING_VERSION = 1.0;
				PRODUCT_BUNDLE_IDENTIFIER = "com.arechimon.rickmorty-mvcTests";
				PRODUCT_NAME = "$(TARGET_NAME)";
				SWIFT_EMIT_LOC_STRINGS = NO;
				SWIFT_VERSION = 5.0;
				TARGETED_DEVICE_FAMILY = "1,2";
				TEST_HOST = "$(BUILT_PRODUCTS_DIR)/rickmorty_mvc.app/$(BUNDLE_EXECUTABLE_FOLDER_PATH)/rickmorty_mvc";
			};
			name = Release;
		};
		83E9D6302B1A264C006D00B7 /* Debug */ = {
			isa = XCBuildConfiguration;
			buildSettings = {
				ALWAYS_EMBED_SWIFT_STANDARD_LIBRARIES = YES;
				CODE_SIGN_STYLE = Automatic;
				CURRENT_PROJECT_VERSION = 1;
				GENERATE_INFOPLIST_FILE = YES;
				MARKETING_VERSION = 1.0;
				PRODUCT_BUNDLE_IDENTIFIER = "com.arechimon.rickmorty-mvcUITests";
				PRODUCT_NAME = "$(TARGET_NAME)";
				SWIFT_EMIT_LOC_STRINGS = NO;
				SWIFT_VERSION = 5.0;
				TARGETED_DEVICE_FAMILY = "1,2";
				TEST_TARGET_NAME = rickmorty_mvc;
			};
			name = Debug;
		};
		83E9D6312B1A264C006D00B7 /* Release */ = {
			isa = XCBuildConfiguration;
			buildSettings = {
				ALWAYS_EMBED_SWIFT_STANDARD_LIBRARIES = YES;
				CODE_SIGN_STYLE = Automatic;
				CURRENT_PROJECT_VERSION = 1;
				GENERATE_INFOPLIST_FILE = YES;
				MARKETING_VERSION = 1.0;
				PRODUCT_BUNDLE_IDENTIFIER = "com.arechimon.rickmorty-mvcUITests";
				PRODUCT_NAME = "$(TARGET_NAME)";
				SWIFT_EMIT_LOC_STRINGS = NO;
				SWIFT_VERSION = 5.0;
				TARGETED_DEVICE_FAMILY = "1,2";
				TEST_TARGET_NAME = rickmorty_mvc;
			};
			name = Release;
		};
/* End XCBuildConfiguration section */

/* Begin XCConfigurationList section */
		83E9D5FA2B1A264B006D00B7 /* Build configuration list for PBXProject "rickmorty_mvc" */ = {
			isa = XCConfigurationList;
			buildConfigurations = (
				83E9D6272B1A264C006D00B7 /* Debug */,
				83E9D6282B1A264C006D00B7 /* Release */,
			);
			defaultConfigurationIsVisible = 0;
			defaultConfigurationName = Release;
		};
		83E9D6292B1A264C006D00B7 /* Build configuration list for PBXNativeTarget "rickmorty_mvc" */ = {
			isa = XCConfigurationList;
			buildConfigurations = (
				83E9D62A2B1A264C006D00B7 /* Debug */,
				83E9D62B2B1A264C006D00B7 /* Release */,
			);
			defaultConfigurationIsVisible = 0;
			defaultConfigurationName = Release;
		};
		83E9D62C2B1A264C006D00B7 /* Build configuration list for PBXNativeTarget "rickmorty_mvcTests" */ = {
			isa = XCConfigurationList;
			buildConfigurations = (
				83E9D62D2B1A264C006D00B7 /* Debug */,
				83E9D62E2B1A264C006D00B7 /* Release */,
			);
			defaultConfigurationIsVisible = 0;
			defaultConfigurationName = Release;
		};
		83E9D62F2B1A264C006D00B7 /* Build configuration list for PBXNativeTarget "rickmorty_mvcUITests" */ = {
			isa = XCConfigurationList;
			buildConfigurations = (
				83E9D6302B1A264C006D00B7 /* Debug */,
				83E9D6312B1A264C006D00B7 /* Release */,
			);
			defaultConfigurationIsVisible = 0;
			defaultConfigurationName = Release;
		};
/* End XCConfigurationList section */

/* Begin XCRemoteSwiftPackageReference section */
		83E9D6412B1A3ECE006D00B7 /* XCRemoteSwiftPackageReference "Kingfisher" */ = {
			isa = XCRemoteSwiftPackageReference;
			repositoryURL = "https://github.com/onevcat/Kingfisher.git";
			requirement = {
				kind = upToNextMajorVersion;
				minimumVersion = 7.0.0;
			};
		};
/* End XCRemoteSwiftPackageReference section */

/* Begin XCSwiftPackageProductDependency section */
		83E9D6422B1A3ECE006D00B7 /* Kingfisher */ = {
			isa = XCSwiftPackageProductDependency;
			package = 83E9D6412B1A3ECE006D00B7 /* XCRemoteSwiftPackageReference "Kingfisher" */;
			productName = Kingfisher;
		};
/* End XCSwiftPackageProductDependency section */
	};
	rootObject = 83E9D5F72B1A264B006D00B7 /* Project object */;
}
